
Microsoft Visual Studio Solution File, Format Version 12.00
# Visual Studio 14
VisualStudioVersion = 14.0.23107.0
MinimumVisualStudioVersion = 10.0.40219.1
Project("{2150E333-8FDC-42A3-9474-1A3956D46DE8}") = "src", "src", "{A34B2389-DA7E-4141-97F2-C190EF526036}"
EndProject
Project("{2150E333-8FDC-42A3-9474-1A3956D46DE8}") = "samples", "samples", "{FC4A8B74-60FD-4958-B848-40425CA12CEA}"
EndProject
Project("{8BB2217D-0F2D-49D1-97BC-3654ED321F3B}") = "Fx.Core.Contracts", "src\Fx.Core.Contracts\Fx.Core.Contracts.xproj", "{652B14A1-D514-4AC6-AD8A-8B718E231B12}"
EndProject
Project("{8BB2217D-0F2D-49D1-97BC-3654ED321F3B}") = "Fx.Common", "src\Fx.Common\Fx.Common.xproj", "{506AFAB5-6CB5-47C0-82C4-CBDBF5AA595B}"
EndProject
Project("{2150E333-8FDC-42A3-9474-1A3956D46DE8}") = "Solution Items", "Solution Items", "{48845D60-2616-4EE3-A7BD-059D6CE5C5A7}"
	ProjectSection(SolutionItems) = preProject
		global.json = global.json
		NuGet.config = NuGet.config
	EndProjectSection
EndProject
Project("{8BB2217D-0F2D-49D1-97BC-3654ED321F3B}") = "SampleConsole", "samples\SampleConsole\SampleConsole.xproj", "{8BCFCC09-1A43-4506-84BA-A135B6550464}"
EndProject
Project("{2150E333-8FDC-42A3-9474-1A3956D46DE8}") = "Framework", "Framework", "{CDBFA483-D6FF-436C-95CB-1A7E385DE96B}"
EndProject
Global
	GlobalSection(SolutionConfigurationPlatforms) = preSolution
		Debug|Any CPU = Debug|Any CPU
		Release|Any CPU = Release|Any CPU
	EndGlobalSection
	GlobalSection(ProjectConfigurationPlatforms) = postSolution
		{652B14A1-D514-4AC6-AD8A-8B718E231B12}.Debug|Any CPU.ActiveCfg = Debug|Any CPU
		{652B14A1-D514-4AC6-AD8A-8B718E231B12}.Debug|Any CPU.Build.0 = Debug|Any CPU
		{652B14A1-D514-4AC6-AD8A-8B718E231B12}.Release|Any CPU.ActiveCfg = Release|Any CPU
		{652B14A1-D514-4AC6-AD8A-8B718E231B12}.Release|Any CPU.Build.0 = Release|Any CPU
		{506AFAB5-6CB5-47C0-82C4-CBDBF5AA595B}.Debug|Any CPU.ActiveCfg = Debug|Any CPU
		{506AFAB5-6CB5-47C0-82C4-CBDBF5AA595B}.Debug|Any CPU.Build.0 = Debug|Any CPU
		{506AFAB5-6CB5-47C0-82C4-CBDBF5AA595B}.Release|Any CPU.ActiveCfg = Release|Any CPU
		{506AFAB5-6CB5-47C0-82C4-CBDBF5AA595B}.Release|Any CPU.Build.0 = Release|Any CPU
		{8BCFCC09-1A43-4506-84BA-A135B6550464}.Debug|Any CPU.ActiveCfg = Debug|Any CPU
		{8BCFCC09-1A43-4506-84BA-A135B6550464}.Debug|Any CPU.Build.0 = Debug|Any CPU
		{8BCFCC09-1A43-4506-84BA-A135B6550464}.Release|Any CPU.ActiveCfg = Release|Any CPU
		{8BCFCC09-1A43-4506-84BA-A135B6550464}.Release|Any CPU.Build.0 = Release|Any CPU
	EndGlobalSection
	GlobalSection(SolutionProperties) = preSolution
		HideSolutionNode = FALSE
	EndGlobalSection
	GlobalSection(NestedProjects) = preSolution
		{652B14A1-D514-4AC6-AD8A-8B718E231B12} = {CDBFA483-D6FF-436C-95CB-1A7E385DE96B}
		{506AFAB5-6CB5-47C0-82C4-CBDBF5AA595B} = {CDBFA483-D6FF-436C-95CB-1A7E385DE96B}
		{8BCFCC09-1A43-4506-84BA-A135B6550464} = {FC4A8B74-60FD-4958-B848-40425CA12CEA}
		{CDBFA483-D6FF-436C-95CB-1A7E385DE96B} = {A34B2389-DA7E-4141-97F2-C190EF526036}
	EndGlobalSection
EndGlobal
