
Microsoft Visual Studio Solution File, Format Version 12.00
# Visual Studio 14
VisualStudioVersion = 14.0.23107.0
MinimumVisualStudioVersion = 10.0.40219.1
Project("{2150E333-8FDC-42A3-9474-1A3956D46DE8}") = "src", "src", "{A34B2389-DA7E-4141-97F2-C190EF526036}"
EndProject
Project("{2150E333-8FDC-42A3-9474-1A3956D46DE8}") = "samples", "samples", "{FC4A8B74-60FD-4958-B848-40425CA12CEA}"
EndProject
Project("{8BB2217D-0F2D-49D1-97BC-3654ED321F3B}") = "Fx.Core.Contracts", "src\Fx.Core.Contracts\Fx.Core.Contracts.xproj", "{652B14A1-D514-4AC6-AD8A-8B718E231B12}"
EndProject
Project("{8BB2217D-0F2D-49D1-97BC-3654ED321F3B}") = "Fx.Common", "src\Fx.Common\Fx.Common.xproj", "{506AFAB5-6CB5-47C0-82C4-CBDBF5AA595B}"
EndProject
Project("{8BB2217D-0F2D-49D1-97BC-3654ED321F3B}") = "Fx.Core", "src\Fx.Core\Fx.Core.xproj", "{4459E124-18BF-4167-84EA-04CABB3F6235}"
EndProject
Project("{8BB2217D-0F2D-49D1-97BC-3654ED321F3B}") = "Fx.Logging.Contracts", "src\Fx.Logging.Contracts\Fx.Logging.Contracts.xproj", "{73D8231C-EC4A-49DA-9AF3-321A6AA52679}"
EndProject
Project("{8BB2217D-0F2D-49D1-97BC-3654ED321F3B}") = "Fx.Web.Contracts", "src\Fx.Web.Contracts\Fx.Web.Contracts.xproj", "{55F7ED0B-A22D-43A1-8A49-9585E308D1F8}"
EndProject
Project("{2150E333-8FDC-42A3-9474-1A3956D46DE8}") = "Solution Items", "Solution Items", "{48845D60-2616-4EE3-A7BD-059D6CE5C5A7}"
	ProjectSection(SolutionItems) = preProject
		global.json = global.json
		NuGet.config = NuGet.config
	EndProjectSection
EndProject
Project("{8BB2217D-0F2D-49D1-97BC-3654ED321F3B}") = "SampleWeb", "samples\SampleWeb\SampleWeb.xproj", "{DDE59BD0-B89B-4545-A304-3014FEFDE49B}"
EndProject
Project("{8BB2217D-0F2D-49D1-97BC-3654ED321F3B}") = "SampleConsole", "samples\SampleConsole\SampleConsole.xproj", "{8BCFCC09-1A43-4506-84BA-A135B6550464}"
EndProject
Project("{8BB2217D-0F2D-49D1-97BC-3654ED321F3B}") = "Fx.Logging", "src\Fx.Logging\Fx.Logging.xproj", "{589EC047-AF0A-45D9-9ED6-4E6239BE875B}"
EndProject
Project("{8BB2217D-0F2D-49D1-97BC-3654ED321F3B}") = "Fx.Data.Contracts", "src\Fx.Data.Contracts\Fx.Data.Contracts.xproj", "{136F6812-A1AD-4A43-A870-FD440C946B7C}"
EndProject
Project("{8BB2217D-0F2D-49D1-97BC-3654ED321F3B}") = "Fx.Data", "src\Fx.Data\Fx.Data.xproj", "{6ECE6D8A-6D34-4B91-BC26-6A2F3C60539C}"
EndProject
Project("{8BB2217D-0F2D-49D1-97BC-3654ED321F3B}") = "Fx.Security.Contracts", "src\Fx.Security.Contracts\Fx.Security.Contracts.xproj", "{D1E8F60E-AA57-4A4A-940A-DE00D1DFDEC3}"
EndProject
Project("{8BB2217D-0F2D-49D1-97BC-3654ED321F3B}") = "Fx.Security", "src\Fx.Security\Fx.Security.xproj", "{3EA5AF75-E6FF-4586-9442-48903561BB03}"
EndProject
Project("{2150E333-8FDC-42A3-9474-1A3956D46DE8}") = "Modules", "Modules", "{4F684B7C-F9D0-48DD-8BA1-EFF9A66ED23E}"
EndProject
Project("{2150E333-8FDC-42A3-9474-1A3956D46DE8}") = "test", "test", "{CD0D9132-BD4A-43F2-AAC7-03CE70F4D5C2}"
EndProject
Project("{8BB2217D-0F2D-49D1-97BC-3654ED321F3B}") = "Fx.Core.Contracts.Tests", "test\Fx.Core.Contracts.Tests\Fx.Core.Contracts.Tests.xproj", "{F7D58612-88B4-4D60-9FB1-61C7DE445ED7}"
EndProject
Project("{8BB2217D-0F2D-49D1-97BC-3654ED321F3B}") = "Fx.Core.Tests", "test\Fx.Core.Tests\Fx.Core.Tests.xproj", "{AEB66016-6A7E-473C-955B-0CD9E5495271}"
EndProject
Project("{2150E333-8FDC-42A3-9474-1A3956D46DE8}") = "Framework", "Framework", "{CDBFA483-D6FF-436C-95CB-1A7E385DE96B}"
EndProject
Project("{2150E333-8FDC-42A3-9474-1A3956D46DE8}") = "Security", "Security", "{176184BF-FD34-456C-81FA-CC2EA9ECB77A}"
EndProject
Project("{2150E333-8FDC-42A3-9474-1A3956D46DE8}") = "Tools", "Tools", "{943110E9-3B64-4F63-AABA-67B42B6620F8}"
EndProject
Project("{8BB2217D-0F2D-49D1-97BC-3654ED321F3B}") = "Fx.Hosting", "src\Fx.Hosting\Fx.Hosting.xproj", "{B06DFA15-FCB2-4792-9124-07910F935767}"
EndProject
Project("{8BB2217D-0F2D-49D1-97BC-3654ED321F3B}") = "Fx.Data.Tools.Migrations", "src\Fx.Data.Tools.Migrations\Fx.Data.Tools.Migrations.xproj", "{30BB89FE-F46E-4A35-A24B-ED508BCBBC25}"
EndProject
Project("{2150E333-8FDC-42A3-9474-1A3956D46DE8}") = "Modules", "Modules", "{327E9061-9689-4904-910D-EEE948066317}"
EndProject
Project("{8BB2217D-0F2D-49D1-97BC-3654ED321F3B}") = "Fx.Security.Tests", "test\Fx.Security.Tests\Fx.Security.Tests.xproj", "{BCF452CE-99E8-49CA-A1F4-6C483DA300E7}"
EndProject
Project("{8BB2217D-0F2D-49D1-97BC-3654ED321F3B}") = "Fx.TestHelpers", "test\Fx.TestHelpers\Fx.TestHelpers.xproj", "{CAE02655-F184-4EB7-AE4D-4CA97F04EAE0}"
EndProject
Project("{2150E333-8FDC-42A3-9474-1A3956D46DE8}") = "UI", "UI", "{45A441DB-4132-4884-817E-53EB4267DA56}"
EndProject
Project("{8BB2217D-0F2D-49D1-97BC-3654ED321F3B}") = "Fx.UI.Grid", "Fx.UI.Grid\Fx.UI.Grid.xproj", "{2CFBFFFC-468E-411A-B8B2-FB84C4B6B58C}"
EndProject
Project("{8BB2217D-0F2D-49D1-97BC-3654ED321F3B}") = "Fx.UI.QueryBuilder", "Fx.UI.QueryBuilder\Fx.UI.QueryBuilder.xproj", "{08FCFCB5-A27D-4014-986A-CACC31F0621B}"
EndProject
Project("{8BB2217D-0F2D-49D1-97BC-3654ED321F3B}") = "Fx.Query", "Fx.Query\Fx.Query.xproj", "{B89ED8E6-3AD3-4C44-B0FF-08CFC7446155}"
EndProject
Global
	GlobalSection(SolutionConfigurationPlatforms) = preSolution
		Debug|Any CPU = Debug|Any CPU
		Release|Any CPU = Release|Any CPU
	EndGlobalSection
	GlobalSection(ProjectConfigurationPlatforms) = postSolution
		{652B14A1-D514-4AC6-AD8A-8B718E231B12}.Debug|Any CPU.ActiveCfg = Debug|Any CPU
		{652B14A1-D514-4AC6-AD8A-8B718E231B12}.Debug|Any CPU.Build.0 = Debug|Any CPU
		{652B14A1-D514-4AC6-AD8A-8B718E231B12}.Release|Any CPU.ActiveCfg = Release|Any CPU
		{652B14A1-D514-4AC6-AD8A-8B718E231B12}.Release|Any CPU.Build.0 = Release|Any CPU
		{506AFAB5-6CB5-47C0-82C4-CBDBF5AA595B}.Debug|Any CPU.ActiveCfg = Debug|Any CPU
		{506AFAB5-6CB5-47C0-82C4-CBDBF5AA595B}.Debug|Any CPU.Build.0 = Debug|Any CPU
		{506AFAB5-6CB5-47C0-82C4-CBDBF5AA595B}.Release|Any CPU.ActiveCfg = Release|Any CPU
		{506AFAB5-6CB5-47C0-82C4-CBDBF5AA595B}.Release|Any CPU.Build.0 = Release|Any CPU
		{4459E124-18BF-4167-84EA-04CABB3F6235}.Debug|Any CPU.ActiveCfg = Debug|Any CPU
		{4459E124-18BF-4167-84EA-04CABB3F6235}.Debug|Any CPU.Build.0 = Debug|Any CPU
		{4459E124-18BF-4167-84EA-04CABB3F6235}.Release|Any CPU.ActiveCfg = Release|Any CPU
		{4459E124-18BF-4167-84EA-04CABB3F6235}.Release|Any CPU.Build.0 = Release|Any CPU
		{73D8231C-EC4A-49DA-9AF3-321A6AA52679}.Debug|Any CPU.ActiveCfg = Debug|Any CPU
		{73D8231C-EC4A-49DA-9AF3-321A6AA52679}.Debug|Any CPU.Build.0 = Debug|Any CPU
		{73D8231C-EC4A-49DA-9AF3-321A6AA52679}.Release|Any CPU.ActiveCfg = Release|Any CPU
		{73D8231C-EC4A-49DA-9AF3-321A6AA52679}.Release|Any CPU.Build.0 = Release|Any CPU
		{55F7ED0B-A22D-43A1-8A49-9585E308D1F8}.Debug|Any CPU.ActiveCfg = Debug|Any CPU
		{55F7ED0B-A22D-43A1-8A49-9585E308D1F8}.Debug|Any CPU.Build.0 = Debug|Any CPU
		{55F7ED0B-A22D-43A1-8A49-9585E308D1F8}.Release|Any CPU.ActiveCfg = Release|Any CPU
		{55F7ED0B-A22D-43A1-8A49-9585E308D1F8}.Release|Any CPU.Build.0 = Release|Any CPU
		{DDE59BD0-B89B-4545-A304-3014FEFDE49B}.Debug|Any CPU.ActiveCfg = Debug|Any CPU
		{DDE59BD0-B89B-4545-A304-3014FEFDE49B}.Debug|Any CPU.Build.0 = Debug|Any CPU
		{DDE59BD0-B89B-4545-A304-3014FEFDE49B}.Release|Any CPU.ActiveCfg = Release|Any CPU
		{DDE59BD0-B89B-4545-A304-3014FEFDE49B}.Release|Any CPU.Build.0 = Release|Any CPU
		{8BCFCC09-1A43-4506-84BA-A135B6550464}.Debug|Any CPU.ActiveCfg = Debug|Any CPU
		{8BCFCC09-1A43-4506-84BA-A135B6550464}.Debug|Any CPU.Build.0 = Debug|Any CPU
		{8BCFCC09-1A43-4506-84BA-A135B6550464}.Release|Any CPU.ActiveCfg = Release|Any CPU
		{8BCFCC09-1A43-4506-84BA-A135B6550464}.Release|Any CPU.Build.0 = Release|Any CPU
		{589EC047-AF0A-45D9-9ED6-4E6239BE875B}.Debug|Any CPU.ActiveCfg = Debug|Any CPU
		{589EC047-AF0A-45D9-9ED6-4E6239BE875B}.Debug|Any CPU.Build.0 = Debug|Any CPU
		{589EC047-AF0A-45D9-9ED6-4E6239BE875B}.Release|Any CPU.ActiveCfg = Release|Any CPU
		{589EC047-AF0A-45D9-9ED6-4E6239BE875B}.Release|Any CPU.Build.0 = Release|Any CPU
		{136F6812-A1AD-4A43-A870-FD440C946B7C}.Debug|Any CPU.ActiveCfg = Debug|Any CPU
		{136F6812-A1AD-4A43-A870-FD440C946B7C}.Debug|Any CPU.Build.0 = Debug|Any CPU
		{136F6812-A1AD-4A43-A870-FD440C946B7C}.Release|Any CPU.ActiveCfg = Release|Any CPU
		{136F6812-A1AD-4A43-A870-FD440C946B7C}.Release|Any CPU.Build.0 = Release|Any CPU
		{6ECE6D8A-6D34-4B91-BC26-6A2F3C60539C}.Debug|Any CPU.ActiveCfg = Debug|Any CPU
		{6ECE6D8A-6D34-4B91-BC26-6A2F3C60539C}.Debug|Any CPU.Build.0 = Debug|Any CPU
		{6ECE6D8A-6D34-4B91-BC26-6A2F3C60539C}.Release|Any CPU.ActiveCfg = Release|Any CPU
		{6ECE6D8A-6D34-4B91-BC26-6A2F3C60539C}.Release|Any CPU.Build.0 = Release|Any CPU
		{D1E8F60E-AA57-4A4A-940A-DE00D1DFDEC3}.Debug|Any CPU.ActiveCfg = Debug|Any CPU
		{D1E8F60E-AA57-4A4A-940A-DE00D1DFDEC3}.Debug|Any CPU.Build.0 = Debug|Any CPU
		{D1E8F60E-AA57-4A4A-940A-DE00D1DFDEC3}.Release|Any CPU.ActiveCfg = Release|Any CPU
		{D1E8F60E-AA57-4A4A-940A-DE00D1DFDEC3}.Release|Any CPU.Build.0 = Release|Any CPU
		{3EA5AF75-E6FF-4586-9442-48903561BB03}.Debug|Any CPU.ActiveCfg = Debug|Any CPU
		{3EA5AF75-E6FF-4586-9442-48903561BB03}.Debug|Any CPU.Build.0 = Debug|Any CPU
		{3EA5AF75-E6FF-4586-9442-48903561BB03}.Release|Any CPU.ActiveCfg = Release|Any CPU
		{3EA5AF75-E6FF-4586-9442-48903561BB03}.Release|Any CPU.Build.0 = Release|Any CPU
		{F7D58612-88B4-4D60-9FB1-61C7DE445ED7}.Debug|Any CPU.ActiveCfg = Debug|Any CPU
		{F7D58612-88B4-4D60-9FB1-61C7DE445ED7}.Debug|Any CPU.Build.0 = Debug|Any CPU
		{F7D58612-88B4-4D60-9FB1-61C7DE445ED7}.Release|Any CPU.ActiveCfg = Release|Any CPU
		{F7D58612-88B4-4D60-9FB1-61C7DE445ED7}.Release|Any CPU.Build.0 = Release|Any CPU
		{AEB66016-6A7E-473C-955B-0CD9E5495271}.Debug|Any CPU.ActiveCfg = Debug|Any CPU
		{AEB66016-6A7E-473C-955B-0CD9E5495271}.Debug|Any CPU.Build.0 = Debug|Any CPU
		{AEB66016-6A7E-473C-955B-0CD9E5495271}.Release|Any CPU.ActiveCfg = Release|Any CPU
		{AEB66016-6A7E-473C-955B-0CD9E5495271}.Release|Any CPU.Build.0 = Release|Any CPU
		{B06DFA15-FCB2-4792-9124-07910F935767}.Debug|Any CPU.ActiveCfg = Debug|Any CPU
		{B06DFA15-FCB2-4792-9124-07910F935767}.Debug|Any CPU.Build.0 = Debug|Any CPU
		{B06DFA15-FCB2-4792-9124-07910F935767}.Release|Any CPU.ActiveCfg = Release|Any CPU
		{B06DFA15-FCB2-4792-9124-07910F935767}.Release|Any CPU.Build.0 = Release|Any CPU
		{30BB89FE-F46E-4A35-A24B-ED508BCBBC25}.Debug|Any CPU.ActiveCfg = Debug|Any CPU
		{30BB89FE-F46E-4A35-A24B-ED508BCBBC25}.Debug|Any CPU.Build.0 = Debug|Any CPU
		{30BB89FE-F46E-4A35-A24B-ED508BCBBC25}.Release|Any CPU.ActiveCfg = Release|Any CPU
		{30BB89FE-F46E-4A35-A24B-ED508BCBBC25}.Release|Any CPU.Build.0 = Release|Any CPU
		{BCF452CE-99E8-49CA-A1F4-6C483DA300E7}.Debug|Any CPU.ActiveCfg = Debug|Any CPU
		{BCF452CE-99E8-49CA-A1F4-6C483DA300E7}.Debug|Any CPU.Build.0 = Debug|Any CPU
		{BCF452CE-99E8-49CA-A1F4-6C483DA300E7}.Release|Any CPU.ActiveCfg = Release|Any CPU
		{BCF452CE-99E8-49CA-A1F4-6C483DA300E7}.Release|Any CPU.Build.0 = Release|Any CPU
		{CAE02655-F184-4EB7-AE4D-4CA97F04EAE0}.Debug|Any CPU.ActiveCfg = Debug|Any CPU
		{CAE02655-F184-4EB7-AE4D-4CA97F04EAE0}.Debug|Any CPU.Build.0 = Debug|Any CPU
		{CAE02655-F184-4EB7-AE4D-4CA97F04EAE0}.Release|Any CPU.ActiveCfg = Release|Any CPU
		{CAE02655-F184-4EB7-AE4D-4CA97F04EAE0}.Release|Any CPU.Build.0 = Release|Any CPU
		{2CFBFFFC-468E-411A-B8B2-FB84C4B6B58C}.Debug|Any CPU.ActiveCfg = Debug|Any CPU
		{2CFBFFFC-468E-411A-B8B2-FB84C4B6B58C}.Debug|Any CPU.Build.0 = Debug|Any CPU
		{2CFBFFFC-468E-411A-B8B2-FB84C4B6B58C}.Release|Any CPU.ActiveCfg = Release|Any CPU
		{2CFBFFFC-468E-411A-B8B2-FB84C4B6B58C}.Release|Any CPU.Build.0 = Release|Any CPU
		{08FCFCB5-A27D-4014-986A-CACC31F0621B}.Debug|Any CPU.ActiveCfg = Debug|Any CPU
		{08FCFCB5-A27D-4014-986A-CACC31F0621B}.Debug|Any CPU.Build.0 = Debug|Any CPU
		{08FCFCB5-A27D-4014-986A-CACC31F0621B}.Release|Any CPU.ActiveCfg = Release|Any CPU
		{08FCFCB5-A27D-4014-986A-CACC31F0621B}.Release|Any CPU.Build.0 = Release|Any CPU
		{B89ED8E6-3AD3-4C44-B0FF-08CFC7446155}.Debug|Any CPU.ActiveCfg = Debug|Any CPU
		{B89ED8E6-3AD3-4C44-B0FF-08CFC7446155}.Debug|Any CPU.Build.0 = Debug|Any CPU
		{B89ED8E6-3AD3-4C44-B0FF-08CFC7446155}.Release|Any CPU.ActiveCfg = Release|Any CPU
		{B89ED8E6-3AD3-4C44-B0FF-08CFC7446155}.Release|Any CPU.Build.0 = Release|Any CPU
	EndGlobalSection
	GlobalSection(SolutionProperties) = preSolution
		HideSolutionNode = FALSE
	EndGlobalSection
	GlobalSection(NestedProjects) = preSolution
		{652B14A1-D514-4AC6-AD8A-8B718E231B12} = {CDBFA483-D6FF-436C-95CB-1A7E385DE96B}
		{506AFAB5-6CB5-47C0-82C4-CBDBF5AA595B} = {CDBFA483-D6FF-436C-95CB-1A7E385DE96B}
		{4459E124-18BF-4167-84EA-04CABB3F6235} = {CDBFA483-D6FF-436C-95CB-1A7E385DE96B}
		{73D8231C-EC4A-49DA-9AF3-321A6AA52679} = {CDBFA483-D6FF-436C-95CB-1A7E385DE96B}
		{55F7ED0B-A22D-43A1-8A49-9585E308D1F8} = {CDBFA483-D6FF-436C-95CB-1A7E385DE96B}
		{DDE59BD0-B89B-4545-A304-3014FEFDE49B} = {FC4A8B74-60FD-4958-B848-40425CA12CEA}
		{8BCFCC09-1A43-4506-84BA-A135B6550464} = {FC4A8B74-60FD-4958-B848-40425CA12CEA}
		{589EC047-AF0A-45D9-9ED6-4E6239BE875B} = {CDBFA483-D6FF-436C-95CB-1A7E385DE96B}
		{136F6812-A1AD-4A43-A870-FD440C946B7C} = {CDBFA483-D6FF-436C-95CB-1A7E385DE96B}
		{6ECE6D8A-6D34-4B91-BC26-6A2F3C60539C} = {CDBFA483-D6FF-436C-95CB-1A7E385DE96B}
		{D1E8F60E-AA57-4A4A-940A-DE00D1DFDEC3} = {176184BF-FD34-456C-81FA-CC2EA9ECB77A}
		{3EA5AF75-E6FF-4586-9442-48903561BB03} = {176184BF-FD34-456C-81FA-CC2EA9ECB77A}
		{4F684B7C-F9D0-48DD-8BA1-EFF9A66ED23E} = {A34B2389-DA7E-4141-97F2-C190EF526036}
		{F7D58612-88B4-4D60-9FB1-61C7DE445ED7} = {CD0D9132-BD4A-43F2-AAC7-03CE70F4D5C2}
		{AEB66016-6A7E-473C-955B-0CD9E5495271} = {CD0D9132-BD4A-43F2-AAC7-03CE70F4D5C2}
		{CDBFA483-D6FF-436C-95CB-1A7E385DE96B} = {A34B2389-DA7E-4141-97F2-C190EF526036}
		{176184BF-FD34-456C-81FA-CC2EA9ECB77A} = {4F684B7C-F9D0-48DD-8BA1-EFF9A66ED23E}
		{943110E9-3B64-4F63-AABA-67B42B6620F8} = {A34B2389-DA7E-4141-97F2-C190EF526036}
		{B06DFA15-FCB2-4792-9124-07910F935767} = {CDBFA483-D6FF-436C-95CB-1A7E385DE96B}
		{30BB89FE-F46E-4A35-A24B-ED508BCBBC25} = {943110E9-3B64-4F63-AABA-67B42B6620F8}
		{327E9061-9689-4904-910D-EEE948066317} = {CD0D9132-BD4A-43F2-AAC7-03CE70F4D5C2}
		{BCF452CE-99E8-49CA-A1F4-6C483DA300E7} = {327E9061-9689-4904-910D-EEE948066317}
		{CAE02655-F184-4EB7-AE4D-4CA97F04EAE0} = {CD0D9132-BD4A-43F2-AAC7-03CE70F4D5C2}
		{45A441DB-4132-4884-817E-53EB4267DA56} = {4F684B7C-F9D0-48DD-8BA1-EFF9A66ED23E}
		{2CFBFFFC-468E-411A-B8B2-FB84C4B6B58C} = {45A441DB-4132-4884-817E-53EB4267DA56}
		{08FCFCB5-A27D-4014-986A-CACC31F0621B} = {45A441DB-4132-4884-817E-53EB4267DA56}
		{B89ED8E6-3AD3-4C44-B0FF-08CFC7446155} = {CDBFA483-D6FF-436C-95CB-1A7E385DE96B}
	EndGlobalSection
EndGlobal
