
Microsoft Visual Studio Solution File, Format Version 12.00
# Visual Studio 14
VisualStudioVersion = 14.0.22823.1
MinimumVisualStudioVersion = 10.0.40219.1
Project("{2150E333-8FDC-42A3-9474-1A3956D46DE8}") = "src", "src", "{A34B2389-DA7E-4141-97F2-C190EF526036}"
EndProject
Project("{2150E333-8FDC-42A3-9474-1A3956D46DE8}") = "test", "test", "{7C41F0E2-972E-4639-B372-DFD1F5A0160F}"
EndProject
Project("{2150E333-8FDC-42A3-9474-1A3956D46DE8}") = "samples", "samples", "{FC4A8B74-60FD-4958-B848-40425CA12CEA}"
EndProject
Project("{8BB2217D-0F2D-49D1-97BC-3654ED321F3B}") = "Fx.Core.Contracts", "src\Fx.Core.Contracts\Fx.Core.Contracts.xproj", "{652B14A1-D514-4AC6-AD8A-8B718E231B12}"
EndProject
Project("{8BB2217D-0F2D-49D1-97BC-3654ED321F3B}") = "Fx.Common", "src\Fx.Common\Fx.Common.xproj", "{506AFAB5-6CB5-47C0-82C4-CBDBF5AA595B}"
EndProject
Project("{8BB2217D-0F2D-49D1-97BC-3654ED321F3B}") = "Fx.Core", "src\Fx.Core\Fx.Core.xproj", "{4459E124-18BF-4167-84EA-04CABB3F6235}"
EndProject
Global
	GlobalSection(SolutionConfigurationPlatforms) = preSolution
		Debug|Any CPU = Debug|Any CPU
		Release|Any CPU = Release|Any CPU
	EndGlobalSection
	GlobalSection(ProjectConfigurationPlatforms) = postSolution
		{652B14A1-D514-4AC6-AD8A-8B718E231B12}.Debug|Any CPU.ActiveCfg = Debug|Any CPU
		{652B14A1-D514-4AC6-AD8A-8B718E231B12}.Debug|Any CPU.Build.0 = Debug|Any CPU
		{652B14A1-D514-4AC6-AD8A-8B718E231B12}.Release|Any CPU.ActiveCfg = Release|Any CPU
		{652B14A1-D514-4AC6-AD8A-8B718E231B12}.Release|Any CPU.Build.0 = Release|Any CPU
		{506AFAB5-6CB5-47C0-82C4-CBDBF5AA595B}.Debug|Any CPU.ActiveCfg = Debug|Any CPU
		{506AFAB5-6CB5-47C0-82C4-CBDBF5AA595B}.Debug|Any CPU.Build.0 = Debug|Any CPU
		{506AFAB5-6CB5-47C0-82C4-CBDBF5AA595B}.Release|Any CPU.ActiveCfg = Release|Any CPU
		{506AFAB5-6CB5-47C0-82C4-CBDBF5AA595B}.Release|Any CPU.Build.0 = Release|Any CPU
		{4459E124-18BF-4167-84EA-04CABB3F6235}.Debug|Any CPU.ActiveCfg = Debug|Any CPU
		{4459E124-18BF-4167-84EA-04CABB3F6235}.Debug|Any CPU.Build.0 = Debug|Any CPU
		{4459E124-18BF-4167-84EA-04CABB3F6235}.Release|Any CPU.ActiveCfg = Release|Any CPU
		{4459E124-18BF-4167-84EA-04CABB3F6235}.Release|Any CPU.Build.0 = Release|Any CPU
	EndGlobalSection
	GlobalSection(SolutionProperties) = preSolution
		HideSolutionNode = FALSE
	EndGlobalSection
	GlobalSection(NestedProjects) = preSolution
		{652B14A1-D514-4AC6-AD8A-8B718E231B12} = {A34B2389-DA7E-4141-97F2-C190EF526036}
		{506AFAB5-6CB5-47C0-82C4-CBDBF5AA595B} = {A34B2389-DA7E-4141-97F2-C190EF526036}
		{4459E124-18BF-4167-84EA-04CABB3F6235} = {A34B2389-DA7E-4141-97F2-C190EF526036}
	EndGlobalSection
EndGlobal
